<Solution>
  <Project Path="Diario.Business/Diario.Business.csproj" />
  <Project Path="Diario.Data/Diario.Data.csproj" />
  <Project Path="Diario.Model/Diario.Model.csproj" />
  <Project Path="Diario.Service/Diario.Service.csproj" />
  <Project Path="Diario.WebApi/Diario.WebApi.csproj" />
  <Project Path="Diario/Diario.csproj" />
</Solution>
